
Microsoft Visual Studio Solution File, Format Version 12.00
# Visual Studio Version 17
VisualStudioVersion = 17.3.32922.545
MinimumVisualStudioVersion = 10.0.40219.1
Project("{9A19103F-16F7-4668-BE54-9A1E7A4F7556}") = "UsedCars.API", "UsedCars.API\UsedCars.API.csproj", "{4CFD727A-D2DA-4EF9-A506-05F75BBEE780}"
	ProjectSection(ProjectDependencies) = postProject
		{3267794F-3676-4005-B884-B20D67496856} = {3267794F-3676-4005-B884-B20D67496856}
	EndProjectSection
EndProject
Project("{9A19103F-16F7-4668-BE54-9A1E7A4F7556}") = "UsedCars.Common", "UsedCars.Commons\UsedCars.Common.csproj", "{3267794F-3676-4005-B884-B20D67496856}"
EndProject
Project("{9A19103F-16F7-4668-BE54-9A1E7A4F7556}") = "UsedCars.Data", "UsedCars.Data\UsedCars.Data.csproj", "{DBC764F7-B534-4F17-B140-404C197AE816}"
EndProject
Project("{9A19103F-16F7-4668-BE54-9A1E7A4F7556}") = "UsedCars.Models", "UsedCars.Models\UsedCars.Models.csproj", "{83EB42F8-8828-465B-9FB4-624281902B8D}"
EndProject
Project("{9A19103F-16F7-4668-BE54-9A1E7A4F7556}") = "UsedCars.Repository", "UsedCars.Repository\UsedCars.Repository.csproj", "{23349FA8-B60E-4BB4-81F6-F5FAAE78D0CB}"
EndProject
Project("{9A19103F-16F7-4668-BE54-9A1E7A4F7556}") = "UsedCars.Services", "UsedCars.Services\UsedCars.Services.csproj", "{89175D02-697B-45C9-813C-C522414E6252}"
EndProject
Global
	GlobalSection(SolutionConfigurationPlatforms) = preSolution
		Debug|Any CPU = Debug|Any CPU
		Release|Any CPU = Release|Any CPU
	EndGlobalSection
	GlobalSection(ProjectConfigurationPlatforms) = postSolution
		{4CFD727A-D2DA-4EF9-A506-05F75BBEE780}.Debug|Any CPU.ActiveCfg = Debug|Any CPU
		{4CFD727A-D2DA-4EF9-A506-05F75BBEE780}.Debug|Any CPU.Build.0 = Debug|Any CPU
		{4CFD727A-D2DA-4EF9-A506-05F75BBEE780}.Release|Any CPU.ActiveCfg = Release|Any CPU
		{4CFD727A-D2DA-4EF9-A506-05F75BBEE780}.Release|Any CPU.Build.0 = Release|Any CPU
		{3267794F-3676-4005-B884-B20D67496856}.Debug|Any CPU.ActiveCfg = Debug|Any CPU
		{3267794F-3676-4005-B884-B20D67496856}.Debug|Any CPU.Build.0 = Debug|Any CPU
		{3267794F-3676-4005-B884-B20D67496856}.Release|Any CPU.ActiveCfg = Release|Any CPU
		{3267794F-3676-4005-B884-B20D67496856}.Release|Any CPU.Build.0 = Release|Any CPU
		{DBC764F7-B534-4F17-B140-404C197AE816}.Debug|Any CPU.ActiveCfg = Debug|Any CPU
		{DBC764F7-B534-4F17-B140-404C197AE816}.Debug|Any CPU.Build.0 = Debug|Any CPU
		{DBC764F7-B534-4F17-B140-404C197AE816}.Release|Any CPU.ActiveCfg = Release|Any CPU
		{DBC764F7-B534-4F17-B140-404C197AE816}.Release|Any CPU.Build.0 = Release|Any CPU
		{83EB42F8-8828-465B-9FB4-624281902B8D}.Debug|Any CPU.ActiveCfg = Debug|Any CPU
		{83EB42F8-8828-465B-9FB4-624281902B8D}.Debug|Any CPU.Build.0 = Debug|Any CPU
		{83EB42F8-8828-465B-9FB4-624281902B8D}.Release|Any CPU.ActiveCfg = Release|Any CPU
		{83EB42F8-8828-465B-9FB4-624281902B8D}.Release|Any CPU.Build.0 = Release|Any CPU
		{23349FA8-B60E-4BB4-81F6-F5FAAE78D0CB}.Debug|Any CPU.ActiveCfg = Debug|Any CPU
		{23349FA8-B60E-4BB4-81F6-F5FAAE78D0CB}.Debug|Any CPU.Build.0 = Debug|Any CPU
		{23349FA8-B60E-4BB4-81F6-F5FAAE78D0CB}.Release|Any CPU.ActiveCfg = Release|Any CPU
		{23349FA8-B60E-4BB4-81F6-F5FAAE78D0CB}.Release|Any CPU.Build.0 = Release|Any CPU
		{89175D02-697B-45C9-813C-C522414E6252}.Debug|Any CPU.ActiveCfg = Debug|Any CPU
		{89175D02-697B-45C9-813C-C522414E6252}.Debug|Any CPU.Build.0 = Debug|Any CPU
		{89175D02-697B-45C9-813C-C522414E6252}.Release|Any CPU.ActiveCfg = Release|Any CPU
		{89175D02-697B-45C9-813C-C522414E6252}.Release|Any CPU.Build.0 = Release|Any CPU
	EndGlobalSection
	GlobalSection(SolutionProperties) = preSolution
		HideSolutionNode = FALSE
	EndGlobalSection
	GlobalSection(ExtensibilityGlobals) = postSolution
		SolutionGuid = {CA27E427-0225-41A4-B797-4EF41EC570BB}
	EndGlobalSection
EndGlobal
